PODS:
  - FlutterMacOS (1.0.0)
  - rust_lib_aether_app (0.0.1):
    - FlutterMacOS

DEPENDENCIES:
  - FlutterMacOS (from `Flutter/ephemeral`)
  - rust_lib_aether_app (from `Flutter/ephemeral/.symlinks/plugins/rust_lib_aether_app/macos`)

EXTERNAL SOURCES:
  FlutterMacOS:
    :path: Flutter/ephemeral
  rust_lib_aether_app:
    :path: Flutter/ephemeral/.symlinks/plugins/rust_lib_aether_app/macos

SPEC CHECKSUMS:
  FlutterMacOS: c232990155153907050900a2e175c7773903ba4e
  rust_lib_aether_app: 760475cdcc7bb13dbd90bd7d63353402cacb4fc2

PODFILE CHECKSUM: 1e95c36afbfd1cb6423ceca4de7a8e1b256fb6ac

COCOAPODS: 1.16.2
